lockfileVersion: '9.0'

settings:
  autoInstallPeers: true
  excludeLinksFromLockfile: false

importers:

  .:
    dependencies:
      '@deltachat/jsonrpc-client':
        specifier: 2.53.0
        version: 2.53.0(ws@8.21.0)
      '@deltachat/stdio-rpc-server':
        specifier: 2.53.0
        version: 2.53.0(@deltachat/jsonrpc-client@2.53.0(ws@8.21.0))
      '@hono/node-server':
        specifier: 2.0.8
        version: 2.0.8(hono@4.12.27)
      hono:
        specifier: 4.12.27
        version: 4.12.27
      ws:
        specifier: 8.21.0
        version: 8.21.0
    devDependencies:
      '@electron/packager':
        specifier: 20.0.3
        version: 20.0.3
      '@types/node':
        specifier: 24.13.3
        version: 24.13.3
      electron:
        specifier: 43.1.1
        version: 43.1.1
      typescript:
        specifier: 6.0.3
        version: 6.0.3
      vitest:
        specifier: 4.1.9
        version: 4.1.9(@types/node@24.13.3)(vite@8.1.5(@types/node@24.13.3))

packages:

  '@deltachat/jsonrpc-client@2.53.0':
    resolution: {integrity: sha512-d1mdA2cm6GxpIaCWyYDJkK8406tK84RDIz1Kz2sKgrw5D7HcuwKCjo3C+OFKp42ev8YMSpsZVIfGhVc78Hsxwg==}

  '@deltachat/stdio-rpc-server-android-arm64@2.53.0':
    resolution: {integrity: sha512-AnbRFXjTWdwst0ReGfcoT6WXGKfVt97JZkumDb9NcKhYGFcAwZtU04JpXRa62obmRlUB+T+s80KQFxSg1tI1wQ==}
    cpu: [arm64]
    os: [android]

  '@deltachat/stdio-rpc-server-android-arm@2.53.0':
    resolution: {integrity: sha512-UqXXUsDnbvwgaJlhd0TlfX3aVzHELqn6JeY9YsYqQ+neu7nJBI8rT0oXYR6BDfvOTx5XP6FNt14EboOWs8EMug==}
    cpu: [arm]
    os: [android]

  '@deltachat/stdio-rpc-server-darwin-arm64@2.53.0':
    resolution: {integrity: sha512-LyarYWm9+FgzKx7bt1tTO7FPNXMmy5OR6T2+tM/iL180upNA0BzaqgU+maK2rmxlqzAN2hzHjW9mVUblLkzMag==}
    cpu: [arm64]
    os: [darwin]

  '@deltachat/stdio-rpc-server-darwin-x64@2.53.0':
    resolution: {integrity: sha512-c1zWWMgi7C/zRKxSCn6q7LH3kf30idwc9FsTwnnq3QQrDyrlR3YfWOSPwHJbf98u+TymDrH76c+fMTpT8X8kgQ==}
    cpu: [x64]
    os: [darwin]

  '@deltachat/stdio-rpc-server-linux-arm64@2.53.0':
    resolution: {integrity: sha512-TqeRAmmt0NbKWIfSieqBB9OnHvpqNQm+FJn4q34y4TdS1+cjh6dWeX9ZJjG0QVRdgvxmToBHRIEPfV3n5org+g==}
    cpu: [arm64]
    os: [linux]

  '@deltachat/stdio-rpc-server-linux-arm@2.53.0':
    resolution: {integrity: sha512-mGeyoJjqR9xioHXc/+F39HAfTgvDW2a/j4laISxu0IoLYB67+0eTnqIiiR3yvuYV5ElSB9jSCWDJU4UAswiJDA==}
    cpu: [arm]
    os: [linux]

  '@deltachat/stdio-rpc-server-linux-ia32@2.53.0':
    resolution: {integrity: sha512-Pzkxy9d6+qxSHjKWTd4/AxfR/oGUZe7VWeNlBvon3fHQpLr/0qC6H6+yhvw0WhwwTmrH6+UyvcbIL75V11QTMQ==}
    cpu: [ia32]
    os: [linux]

  '@deltachat/stdio-rpc-server-linux-x64@2.53.0':
    resolution: {integrity: sha512-PoRGvyIEKBfzW1yaE7QG2liC7GJdWCfnZyXvP9/l0FWl83hTDvvCzNEPeypMZkplQr57if1Rf0FVfBIn6HsRvg==}
    cpu: [x64]
    os: [linux]

  '@deltachat/stdio-rpc-server-win32-ia32@2.53.0':
    resolution: {integrity: sha512-IMM/M5aNu+H5r5N3e0LUhMIUggi+rmAHgtcnJDnuaMXLbPeB/sKGcEmEO4hccLm6oS6bJxOSmIa6Nlq1l3XaWQ==}
    cpu: [ia32]
    os: [win32]

  '@deltachat/stdio-rpc-server-win32-x64@2.53.0':
    resolution: {integrity: sha512-PtJbhoHRzrdxbW10H22xFtbdINek8Xwi6wY7rC7HwD1Eoq5201Yq2kLKJGvDj2SJ++jBh/ZJgz65kQZr+G6sEA==}
    cpu: [x64]
    os: [win32]

  '@deltachat/stdio-rpc-server@2.53.0':
    resolution: {integrity: sha512-kUOIDYaFwfNC7iqjDJoMb6jbb4L5AEFuS+bw+D6iegvo2I6aEYvRnn3Lvee3PpV1+UL7my+e9nRg+hleM6+dkw==}
    peerDependencies:
      '@deltachat/jsonrpc-client': '*'

  '@deltachat/tiny-emitter@3.0.0':
    resolution: {integrity: sha512-iapvwGCEWFjXtObQ/vNzXS0+M9hrZrY2tMdV7SaX8kHXKVm3oIuJUVmUj5jhABTL7GstO6uKzV+36FUZVGOqCA==}

  '@electron-internal/extract-zip@1.0.4':
    resolution: {integrity: sha512-Zr1Vs7E9tpCNhZHDAbFVXc2gEVCG9RqPDjrno5+bdgB6LRAuvgyMHJut4NCVyYwtAieapMzc3fiQ3CSTi75ARg==}
    engines: {node: '>=22.12.0'}

  '@electron/asar@4.2.0':
    resolution: {integrity: sha512-npW1NW5yy8EB9XY/vEw9sUdgmq0sJEhmSBb6bqyFOAw1CSkrhvAvO6QWlW8CdIMo8VN1lkdF345l/MeW0LrY0Q==}
    engines: {node: '>=22.12.0'}
    hasBin: true

  '@electron/get@5.0.0':
    resolution: {integrity: sha512-pjoBpru1KdEtcExBnuHAP1cAc/5faoedw0hzJkL3o4/IJp7HNF1+fbrdxT3gMYRX2oJfvnA/WXeCTVQpYYxyJA==}
    engines: {node: '>=22.12.0'}

  '@electron/notarize@3.1.1':
    resolution: {integrity: sha512-uQQSlOiJnqRkTL1wlEBAxe90nVN/Fc/hEmk0bqpKk8nKjV1if/tXLHKUPePtv9Xsx90PtZU8aidx5lAiOpjkQQ==}
    engines: {node: '>= 22.12.0'}

  '@electron/osx-sign@2.5.0':
    resolution: {integrity: sha512-o4+Yq1WQGO+ewJJ0sL0ofWCo5rEZ1omLX7X8Q22rEotQzhZbwcWuXXBOu4/5xrWzyBALNCPAxDkY3Dfo5536Lg==}
    engines: {node: '>=22.12.0'}
    hasBin: true

  '@electron/packager@20.0.3':
    resolution: {integrity: sha512-3hl7LuML+QKmxS1GushnqFIUi6DbvKOUQDlGLbFCP2w8MW8tsHl6oQkDb8xjbIQtzP11kq/S7uYRJTXCirqtrQ==}
    engines: {node: '>= 22.12.0'}
    hasBin: true

  '@electron/universal@3.0.6':
    resolution: {integrity: sha512-MonS1kfkZdSEkLZI0pdR/TCx8ecxwRSFm7sORfwIkDI9UaIbHnk4Mgeqq+Ob9qDQRV8LZ9+hHCmimpA9BRcNxw==}
    engines: {node: '>=22.12.0'}

  '@electron/windows-sign@2.0.6':
    resolution: {integrity: sha512-ESWgNkFsXFH06I5EB2uHv3hmZA3yF4j9GTB77W74x3b5KZNItxggNzuADw41HUy6mhnC2K+E2mT0Xgc4YKu3IQ==}
    engines: {node: '>=22.12.0'}
    hasBin: true

  '@emnapi/core@1.11.1':
    resolution: {integrity: sha512-RSvbQmHzdKzNsLYa/wHrbc3KN4sYLKAdPZxqiM2HATqv/SBk2/ENSHpvXGaLOMcsAyz0poEGqkmmKYG3OWiJEQ==}

  '@emnapi/runtime@1.11.1':
    resolution: {integrity: sha512-vgj7R3y3Wgx24IQaGPA/R6YFXLHVMOZ0uVEyIQPaWs+rd1AzfEMXlAC22FYwO1XkKR6NPsq7mUandH8oIRdZFw==}

  '@emnapi/wasi-threads@1.2.2':
    resolution: {integrity: sha512-c95qOXkHdydNKhscBTebqEC1CVAZpyqOfVfBzQ1qgzyl3gfeldUjIggDbIZgDKsHLgnsM+igH7TJ/eAasaVuMA==}

  '@hono/node-server@2.0.8':
    resolution: {integrity: sha512-GuCWzLxwg218fy1JaHculFsdcuY12hxit83V+algozTPnwhNjLrRL/Alg9OYjLZLoUZ1rw/S4CdTMsnkSKCmFA==}
    engines: {node: '>=20'}
    peerDependencies:
      hono: ^4

  '@jridgewell/sourcemap-codec@1.5.5':
    resolution: {integrity: sha512-cYQ9310grqxueWbl+WuIUIaiUaDcj7WOq5fVhEljNVgRfOUhY9fy2zTvfoqWsnebh8Sl70VScFbICvJnLKB0Og==}

  '@malept/cross-spawn-promise@2.0.0':
    resolution: {integrity: sha512-1DpKU0Z5ThltBwjNySMC14g0CkbyhCaz9FkhxqNsZI6uAPJXFS8cMXlBKo26FJ8ZuW6S9GCMcR9IO5k2X5/9Fg==}
    engines: {node: '>= 12.13.0'}

  '@napi-rs/wasm-runtime@1.1.6':
    resolution: {integrity: sha512-ZLv/JdUfkvOy9eCnnBaGfiO+XimbjebAeO+MRQqD/B+FR1tnRN0tpKSJHRbE8sFfS6aqsXZ67TQjfwfsxULVbg==}
    peerDependencies:
      '@emnapi/core': ^1.7.1
      '@emnapi/runtime': ^1.7.1

  '@oxc-project/types@0.139.0':
    resolution: {integrity: sha512-r9gHphtCs+1M7J0pw6Sn/hh/Wpa/iQrOOkrNAlVLF/gHq+/CJmHIWKKUUhdWjcD6CIa8idarspCsASiXCXvFUw==}

  '@rolldown/binding-android-arm64@1.1.5':
    resolution: {integrity: sha512-lZg8fqIv2v7FF237bwMgzGZEJvGL79/s5knJ/i6FmsGF4XXlzccZ4jb+TrFIxtSSxFtIpdsgrPZeMk1I9AFcyQ==}
    engines: {node: ^20.19.0 || >=22.12.0}
    cpu: [arm64]
    os: [android]

  '@rolldown/binding-darwin-arm64@1.1.5':
    resolution: {integrity: sha512-51Bnx9pNiMRKSUNtBfySkNJ9vMU9Hh3I1ozDd6gyPPYzaXCfnptUcEZxXGYFn+ul2dtcMUiqGR1Yai2K10uoTw==}
    engines: {node: ^20.19.0 || >=22.12.0}
    cpu: [arm64]
    os: [darwin]

  '@rolldown/binding-darwin-x64@1.1.5':
    resolution: {integrity: sha512-Tm+gbfC0aHu1tBA/JvKQh32S0K6YgCHkiAF4/W6xX0K0RmNuc94VeK419dJoE65R5aRxmo+noZQSWrAMF6yb6g==}
    engines: {node: ^20.19.0 || >=22.12.0}
    cpu: [x64]
    os: [darwin]

  '@rolldown/binding-freebsd-x64@1.1.5':
    resolution: {integrity: sha512-JMzDKCCXq93YccG5gz3hvOs1oXRKAf0XYpfOS88e+wZrC8Iugj6j68867vrYZkvpDDpKn/KoKORThmchMpF6TA==}
    engines: {node: ^20.19.0 || >=22.12.0}
    cpu: [x64]
    os: [freebsd]

  '@rolldown/binding-linux-arm-gnueabihf@1.1.5':
    resolution: {integrity: sha512-uML21j2K5TfPGutKxub+M+nLjZIrWjXQ5Grx4lCe/nimTj9B4L63zHpjXLl4y0L3mcm2htEQIb06oCG/szerNw==}
    engines: {node: ^20.19.0 || >=22.12.0}
    cpu: [arm]
    os: [linux]

  '@rolldown/binding-linux-arm64-gnu@1.1.5':
    resolution: {integrity: sha512-navSiuTMogvnQoZoM/v+l3ZWo50/NTwSHSzheABx/RCnmUPaKwq9qSo4Br2OYRs21+Fz8uFqITZM3H4opOB0/Q==}
    engines: {node: ^20.19.0 || >=22.12.0}
    cpu: [arm64]
    os: [linux]
    libc: [glibc]

  '@rolldown/binding-linux-arm64-musl@1.1.5':
    resolution: {integrity: sha512-lAryqH7IteztmCXQXk0etKj4wBQ7Gx5S6LjKhsgp9zb8I5bsuvU/2llH1hDQcjsFeqIsovMVN339/8pUDDBXxA==}
    engines: {node: ^20.19.0 || >=22.12.0}
    cpu: [arm64]
    os: [linux]
    libc: [musl]

  '@rolldown/binding-linux-ppc64-gnu@1.1.5':
    resolution: {integrity: sha512-fsK/sNBnxzBlL4O1JNrZakVQxPspqpED5dLtNsZS9oOKmtSpdNIzxH2kkol5HYTWJN47sE20ztMJPxfZ89qGOg==}
    engines: {node: ^20.19.0 || >=22.12.0}
    cpu: [ppc64]
    os: [linux]
    libc: [glibc]

  '@rolldown/binding-linux-s390x-gnu@1.1.5':
    resolution: {integrity: sha512-gLYb4BIadlfTOYT5gO503n8zQjXflgzpD0FcyKh0Mzx3rqCZKnHoJWV9xe1KXUJ5lx2JfcSHr/mhzS0PC/McAA==}
    engines: {node: ^20.19.0 || >=22.12.0}
    cpu: [s390x]
    os: [linux]
    libc: [glibc]

  '@rolldown/binding-linux-x64-gnu@1.1.5':
    resolution: {integrity: sha512-FjcpEKUyJygHgs1o50VYNvkt5+7Le/VEdYt0AkRpkL33MnyQfwr8l5mXwMmfmTbyMPr5vJLC+8/Gd9gXnwU1QQ==}
    engines: {node: ^20.19.0 || >=22.12.0}
    cpu: [x64]
    os: [linux]
    libc: [glibc]

  '@rolldown/binding-linux-x64-musl@1.1.5':
    resolution: {integrity: sha512-Me+PfPI2TMeOQk0gYWfLQZtTktrmzbr8cDboqX83XKc7UrgAi55gF+2dUkWdxd19n55Essp2yeca+O9N5rBxHg==}
    engines: {node: ^20.19.0 || >=22.12.0}
    cpu: [x64]
    os: [linux]
    libc: [musl]

  '@rolldown/binding-openharmony-arm64@1.1.5':
    resolution: {integrity: sha512-yc5WrLzXks6zCQfn9Oxr8pORKyl/pF+QjHmW/Qx3qu0oyrrNC+y2JLTU1E2rcWYAmzlnqngWXHQjy51VzW70Vw==}
    engines: {node: ^20.19.0 || >=22.12.0}
    cpu: [arm64]
    os: [openharmony]

  '@rolldown/binding-wasm32-wasi@1.1.5':
    resolution: {integrity: sha512-VbQGPX2b4r48TAMIM2cjgluIM1HYutm4pcTEJsle7iEP7sB1dFqtPLBVbdLAZCxy1txCcPxf4QFf4v8uvltPqA==}
    engines: {node: ^20.19.0 || >=22.12.0}
    cpu: [wasm32]

  '@rolldown/binding-win32-arm64-msvc@1.1.5':
    resolution: {integrity: sha512-gHv82k63z4qpV5+Q1y/12KrK0ltWBukVDI8nZcbT7Tt/ZlOIVwppazneq0F93oDxTo3IgAMEDIoQh3E2n6mVsw==}
    engines: {node: ^20.19.0 || >=22.12.0}
    cpu: [arm64]
    os: [win32]

  '@rolldown/binding-win32-x64-msvc@1.1.5':
    resolution: {integrity: sha512-tTZuDBPw85tEN5PQi1pnEBzDy0Z49HtScLAbD5t6hyeU92A95pRWaSMw1GZZi/RwgSgUIl0xrSlXIT/9QzvYSA==}
    engines: {node: ^20.19.0 || >=22.12.0}
    cpu: [x64]
    os: [win32]

  '@rolldown/pluginutils@1.0.1':
    resolution: {integrity: sha512-2j9bGt5Jh8hj+vPtgzPtl72j0yRxHAyumoo6TNfAjsLB04UtpSvPbPcDcBMxz7n+9CYB0c1GxQFxYRg2jimqGw==}

  '@standard-schema/spec@1.1.0':
    resolution: {integrity: sha512-l2aFy5jALhniG5HgqrD6jXLi/rUWrKvqN/qJx6yoJsgKhblVd+iqqU4RCXavm/jPityDo5TCvKMnpjKnOriy0w==}

  '@tybys/wasm-util@0.10.3':
    resolution: {integrity: sha512-F3fo1MYrRJYL3zER0OUOmkutjr1Vp23m7OsSgp7nq4SP6OqX6C/56XFIPAl5bt3zaBRjmW7SGz3u/6LwFpYcOg==}

  '@types/chai@5.2.3':
    resolution: {integrity: sha512-Mw558oeA9fFbv65/y4mHtXDs9bPnFMZAL/jxdPFUpOHHIXX91mcgEHbS5Lahr+pwZFR8A7GQleRWeI6cGFC2UA==}

  '@types/deep-eql@4.0.2':
    resolution: {integrity: sha512-c9h9dVVMigMPc4bwTvC5dxqtqJZwQPePsWjPlpSOnojbor6pGqdk541lfA7AqFQr5pB1BRdq0juY9db81BwyFw==}

  '@types/estree@1.0.9':
    resolution: {integrity: sha512-GhdPgy1el4/ImP05X05Uw4cw2/M93BCUmnEvWZNStlCzEKME4Fkk+YpoA5OiHNQmoS7Cafb8Xa3Pya8m1Qrzeg==}

  '@types/node@24.13.3':
    resolution: {integrity: sha512-Dh8vAsV36ig5wa9OX4pXvMc9D3Veibfw2wix0CUwYODLD8nkj9UsLjASr49nPg+2eKzxhBV+v7L8pXvT4e639Q==}

  '@types/ws@8.18.1':
    resolution: {integrity: sha512-ThVF6DCVhA8kUGy+aazFQ4kXQ7E1Ty7A3ypFOe0IcJV8O/M511G99AW24irKrW56Wt44yG9+ij8FaqoBGkuBXg==}

  '@vitest/expect@4.1.9':
    resolution: {integrity: sha512-vl/rYsUKcBr3SnQn166+XR5ZQcgMx3DQhFWdfli/cWpLnLUmbxZvyrJZotLFUryib+LtArYMSTJ5RbQ57ZqrlA==}

  '@vitest/mocker@4.1.9':
    resolution: {integrity: sha512-EVkXzBjrPGM+cK8/ANWgBrkUCfJfb38/EfTSO8h7pWvKkyPkpWxvR7BkD2MyItMF62C97zAEoqdpUixwR/e+Rw==}
    peerDependencies:
      msw: ^2.4.9
      vite: ^6.0.0 || ^7.0.0 || ^8.0.0
    peerDependenciesMeta:
      msw:
        optional: true
      vite:
        optional: true

  '@vitest/pretty-format@4.1.9':
    resolution: {integrity: sha512-s0iufns3iIFitdgm+YR7g1whCAaGtXz459VS9/PqyKDEEFgYIhsHOQmXgIgDuYCt7DeQmiZT0Qe2OA2p4ZPu5A==}

  '@vitest/runner@4.1.9':
    resolution: {integrity: sha512-KXLMDtc7oe70+3mJfGrPUWPesswH+3sTxAMAMl8DG7I8IUQT4XW718dY5ID3vPUcmlu27CcKfY4P3h3I29SLJg==}

  '@vitest/snapshot@4.1.9':
    resolution: {integrity: sha512-Jc7RKGNBo8Z28WYIm0Niej4xdSPByRf6mU58VpHQkd6Zh05rlnA+twjbK5HyeIGHxrzsc3mJgS43uM0CZKzaIA==}

  '@vitest/spy@4.1.9':
    resolution: {integrity: sha512-fHpsS6mIi+PiEW+vcRVOMkX1oSaPKne3VOclSFICPcGOmfKgXPU5iAah+wcNcj2xPrCCmfq99IDGf+EojhhvhA==}

  '@vitest/utils@4.1.9':
    resolution: {integrity: sha512-A51o8ymO5PpqlWNnBP9ZHPXDIpuMtTLlGSjN7la4US+LJzoUMyhwjA5QXlm39JexgwHKW4Xjs8Z2d3dLCXOeuA==}

  '@xmldom/xmldom@0.9.10':
    resolution: {integrity: sha512-A9gOqLdi6cV4ibazAjcQufGj0B1y/vDqYrcuP6d/6x8P27gRS8643Dj9o1dEKtB6O7fwxb2FgBmJS2mX7gpvdw==}
    engines: {node: '>=14.6'}

  assertion-error@2.0.1:
    resolution: {integrity: sha512-Izi8RQcffqCeNVgFigKli1ssklIbpHnCYc6AknXGYoB6grJqyeby7jv12JUQgmTAnIDnbck1uxksT4dzN3PWBA==}
    engines: {node: '>=12'}

  balanced-match@4.0.4:
    resolution: {integrity: sha512-BLrgEcRTwX2o6gGxGOCNyMvGSp35YofuYzw9h1IMTRmKqttAZZVU67bdb9Pr2vUHA8+j3i2tJfjO6C6+4myGTA==}
    engines: {node: 18 || 20 || >=22}

  base64-js@1.5.1:
    resolution: {integrity: sha512-AKpaYlHn8t4SVbOHCy+b5+KKgvR4vrsD8vbvrbiQJps7fKDTkjkDry6ji0rUJjC0kzbNePLwzxq8iypo41qeWA==}

  brace-expansion@5.0.7:
    resolution: {integrity: sha512-7oFy703dxfY3/NLxC1fh2SUCQ0H9rmAY+5EpDVfXjUTTs+HEwR2nYaqLv+GWcTsumwxPfiz6CzCNkwXwBUwqCA==}
    engines: {node: 18 || 20 || >=22}

  chai@6.2.2:
    resolution: {integrity: sha512-NUPRluOfOiTKBKvWPtSD4PhFvWCqOi0BGStNWs57X9js7XGTprSmFoz5F0tWhR4WPjNeR9jXqdC7/UpSJTnlRg==}
    engines: {node: '>=18'}

  commander@13.1.0:
    resolution: {integrity: sha512-/rFeCpNJQbhSZjGVwO9RFV3xPqbnERS8MmIQzCtD/zl6gpJuV/bMLuN92oG3F7d8oDEHHRrujSXNUr8fpjntKw==}
    engines: {node: '>=18'}

  commander@9.5.0:
    resolution: {integrity: sha512-KRs7WVDKg86PWiuAqhDrAQnTXZKraVcCc6vFdL14qrZ/DcWwuRo7VoiYXalXO7S5GKpqYiVEwCbgFDfxNHKJBQ==}
    engines: {node: ^12.20.0 || >=14}

  convert-source-map@2.0.0:
    resolution: {integrity: sha512-Kvp459HrV2FEJ1CAsi1Ku+MY3kasH19TFykTz2xWmMeq6bk2NU3XXvfJ+Q61m0xktWwt+1HSYf3JZsTms3aRJg==}

  cross-spawn@7.0.6:
    resolution: {integrity: sha512-uV2QOWP2nWzsy2aMp8aRibhi9dlzF5Hgh5SHaB9OiTGEyDTiJJyx0uy51QXdyWbtAHNua4XJzUKca3OzKUd3vA==}
    engines: {node: '>= 8'}

  debug@4.4.3:
    resolution: {integrity: sha512-RGwwWnwQvkVfavKVt22FGLw+xYSdzARwm0ru6DhTVA3umU5hZc28V3kO4stgYryrTlLpuvgI9GiijltAjNbcqA==}
    engines: {node: '>=6.0'}
    peerDependencies:
      supports-color: '*'
    peerDependenciesMeta:
      supports-color:
        optional: true

  detect-libc@2.1.2:
    resolution: {integrity: sha512-Btj2BOOO83o3WyH59e8MgXsxEQVcarkUOpEYrubB0urwnN10yQ364rsiByU11nZlqWYZm05i/of7io4mzihBtQ==}
    engines: {node: '>=8'}

  electron@43.1.1:
    resolution: {integrity: sha512-I5c5vfuVvaXpWx3IZdwvXgxQW44+e7OP1wXGVQkogLeSFSkUZ6sLCcWV05AdEcs65AO5tAIJJwbp7ixw+LdarA==}
    engines: {node: '>= 22.12.0'}
    hasBin: true

  env-paths@3.0.0:
    resolution: {integrity: sha512-dtJUTepzMW3Lm/NPxRf3wP4642UWhjL2sQxc+ym2YMj1m/H2zDNQOlezafzkHwn6sMstjHTwG6iQQsctDW/b1A==}
    engines: {node: ^12.20.0 || ^14.13.1 || >=16.0.0}

  err-code@2.0.3:
    resolution: {integrity: sha512-2bmlRpNKBxT/CRmPOlyISQpNj+qSeYvcym/uT0Jx2bMOlKLtSy1ZmLuVxSEKKyor/N5yhvp/ZiG1oE3DEYMSFA==}

  es-module-lexer@2.3.1:
    resolution: {integrity: sha512-shc1dbU90Yl/xq1QrC7QRtfcwURZuVRfPhZbDoldJ1cn1gzDvBaBWlv0eFolj5+0znnPJz5TXLxsN77X/12KTA==}

  estree-walker@3.0.3:
    resolution: {integrity: sha512-7RUKfXgSMMkzt6ZuXmqapOurLGPPfgj6l9uRZ7lRGolvk0y2yocc35LdcxKC5PQZdn2DMqioAQ2NoWcrTKmm6g==}

  expect-type@1.4.0:
    resolution: {integrity: sha512-KfYbmpRm0VbLjEvVa9yGwCi9GI34xvi7A/HXYWQO65CSD2u3MczUJSuwXKFIxlGsgBQizV9q5J9NHj4VG0n+pA==}
    engines: {node: '>=12.0.0'}

  fdir@6.5.0:
    resolution: {integrity: sha512-tIbYtZbucOs0BRGqPJkshJUYdL+SDH7dVM8gjy+ERp3WAUjLEFJE+02kanyHtwjWOnwrKYBiwAmM0p4kLJAnXg==}
    engines: {node: '>=12.0.0'}
    peerDependencies:
      picomatch: ^3 || ^4
    peerDependenciesMeta:
      picomatch:
        optional: true

  filename-reserved-regex@3.0.0:
    resolution: {integrity: sha512-hn4cQfU6GOT/7cFHXBqeBg2TbrMBgdD0kcjLhvSQYYwm3s4B6cjvBfb7nBALJLAXqmU5xajSa7X2NnUud/VCdw==}
    engines: {node: ^12.20.0 || ^14.13.1 || >=16.0.0}

  filenamify@6.0.0:
    resolution: {integrity: sha512-vqIlNogKeyD3yzrm0yhRMQg8hOVwYcYRfjEoODd49iCprMn4HL85gK3HcykQE53EPIpX3HcAbGA5ELQv216dAQ==}
    engines: {node: '>=16'}

  flora-colossus@3.0.2:
    resolution: {integrity: sha512-Jk78K/Tzt6saxQPGChlJw69xuFGpWyTSAS8EdU0h/FyXwD2K46yNOXmo6nRHcZ9ooekyBAzMkwmiGNt7wOC5zg==}
    engines: {node: '>=22.12.0'}

  fsevents@2.3.3:
    resolution: {integrity: sha512-5xoDfX+fL7faATnagmWPpbFtwh/R77WmMMqqHGS65C3vvB0YHrgF+B1YmZ3441tMj5n63k0212XNoJwzlhffQw==}
    engines: {node: ^8.16.0 || ^10.6.0 || >=11.0.0}
    os: [darwin]

  galactus@2.0.2:
    resolution: {integrity: sha512-HmKyTFGomdAchz4umx8MwBnrnfFmdpwiTyGA4ZOF7rya2Lmgbc9qate4yweInL+0gUBVImhaz12SBGpW3SY4Yg==}
    engines: {node: '>=22.12.0'}

  glob@13.0.6:
    resolution: {integrity: sha512-Wjlyrolmm8uDpm/ogGyXZXb1Z+Ca2B8NbJwqBVg0axK9GbBeoS7yGV6vjXnYdGm6X53iehEuxxbyiKp8QmN4Vw==}
    engines: {node: 18 || 20 || >=22}

  graceful-fs@4.2.11:
    resolution: {integrity: sha512-RbJ5/jmFcNNCcDV5o9eTnBLJ/HszWV0P73bc+Ff4nS/rJj+YaS6IGyiOL0VoBYX+l1Wrl3k63h/KrH+nhJ0XvQ==}

  hono@4.12.27:
    resolution: {integrity: sha512-1yrb/+w6HWQJrUCLkJ2IF5jNIPvvFkblV5RNOYl6bV+OA6p9GLcMpHFFGTosSvHvcAUibuUukRqhlYI4z32C7Q==}
    engines: {node: '>=16.9.0'}

  isbinaryfile@4.0.10:
    resolution: {integrity: sha512-iHrqe5shvBUcFbmZq9zOQHBoeOhZJu6RQGrDpBgenUm/Am+F3JM2MgQj+rK3Z601fzrL5gLZWtAPH2OBaSVcyw==}
    engines: {node: '>= 8.0.0'}

  isexe@2.0.0:
    resolution: {integrity: sha512-RHxMLp9lnKHGHRng9QFhRCMbYAcVpn69smSGcq3f36xjgVVWThj4qqLbTLlq7Ssj8B+fIQ1EuCEGI2lKsyQeIw==}

  isomorphic-ws@4.0.1:
    resolution: {integrity: sha512-BhBvN2MBpWTaSHdWRb/bwdZJ1WaehQ2L1KngkCkfLUGF0mAWAT1sQUQacEmQ0jXkFw/czDXPNQSL5u2/Krsz1w==}
    peerDependencies:
      ws: '*'

  isomorphic-ws@5.0.0:
    resolution: {integrity: sha512-muId7Zzn9ywDsyXgTIafTry2sV3nySZeUDe6YedVd1Hvuuep5AsIlqK+XefWpYTyJG5e503F2xIuT2lcU6rCSw==}
    peerDependencies:
      ws: '*'

  junk@4.0.1:
    resolution: {integrity: sha512-Qush0uP+G8ZScpGMZvHUiRfI0YBWuB3gVBYlI0v0vvOJt5FLicco+IkP0a50LqTTQhmts/m6tP5SWE+USyIvcQ==}
    engines: {node: '>=12.20'}

  lightningcss-android-arm64@1.32.0:
    resolution: {integrity: sha512-YK7/ClTt4kAK0vo6w3X+Pnm0D2cf2vPHbhOXdoNti1Ga0al1P4TBZhwjATvjNwLEBCnKvjJc2jQgHXH0NEwlAg==}
    engines: {node: '>= 12.0.0'}
    cpu: [arm64]
    os: [android]

  lightningcss-darwin-arm64@1.32.0:
    resolution: {integrity: sha512-RzeG9Ju5bag2Bv1/lwlVJvBE3q6TtXskdZLLCyfg5pt+HLz9BqlICO7LZM7VHNTTn/5PRhHFBSjk5lc4cmscPQ==}
    engines: {node: '>= 12.0.0'}
    cpu: [arm64]
    os: [darwin]

  lightningcss-darwin-x64@1.32.0:
    resolution: {integrity: sha512-U+QsBp2m/s2wqpUYT/6wnlagdZbtZdndSmut/NJqlCcMLTWp5muCrID+K5UJ6jqD2BFshejCYXniPDbNh73V8w==}
    engines: {node: '>= 12.0.0'}
    cpu: [x64]
    os: [darwin]

  lightningcss-freebsd-x64@1.32.0:
    resolution: {integrity: sha512-JCTigedEksZk3tHTTthnMdVfGf61Fky8Ji2E4YjUTEQX14xiy/lTzXnu1vwiZe3bYe0q+SpsSH/CTeDXK6WHig==}
    engines: {node: '>= 12.0.0'}
    cpu: [x64]
    os: [freebsd]

  lightningcss-linux-arm-gnueabihf@1.32.0:
    resolution: {integrity: sha512-x6rnnpRa2GL0zQOkt6rts3YDPzduLpWvwAF6EMhXFVZXD4tPrBkEFqzGowzCsIWsPjqSK+tyNEODUBXeeVHSkw==}
    engines: {node: '>= 12.0.0'}
    cpu: [arm]
    os: [linux]

  lightningcss-linux-arm64-gnu@1.32.0:
    resolution: {integrity: sha512-0nnMyoyOLRJXfbMOilaSRcLH3Jw5z9HDNGfT/gwCPgaDjnx0i8w7vBzFLFR1f6CMLKF8gVbebmkUN3fa/kQJpQ==}
    engines: {node: '>= 12.0.0'}
    cpu: [arm64]
    os: [linux]
    libc: [glibc]

  lightningcss-linux-arm64-musl@1.32.0:
    resolution: {integrity: sha512-UpQkoenr4UJEzgVIYpI80lDFvRmPVg6oqboNHfoH4CQIfNA+HOrZ7Mo7KZP02dC6LjghPQJeBsvXhJod/wnIBg==}
    engines: {node: '>= 12.0.0'}
    cpu: [arm64]
    os: [linux]
    libc: [musl]

  lightningcss-linux-x64-gnu@1.32.0:
    resolution: {integrity: sha512-V7Qr52IhZmdKPVr+Vtw8o+WLsQJYCTd8loIfpDaMRWGUZfBOYEJeyJIkqGIDMZPwPx24pUMfwSxxI8phr/MbOA==}
    engines: {node: '>= 12.0.0'}
    cpu: [x64]
    os: [linux]
    libc: [glibc]

  lightningcss-linux-x64-musl@1.32.0:
    resolution: {integrity: sha512-bYcLp+Vb0awsiXg/80uCRezCYHNg1/l3mt0gzHnWV9XP1W5sKa5/TCdGWaR/zBM2PeF/HbsQv/j2URNOiVuxWg==}
    engines: {node: '>= 12.0.0'}
    cpu: [x64]
    os: [linux]
    libc: [musl]

  lightningcss-win32-arm64-msvc@1.32.0:
    resolution: {integrity: sha512-8SbC8BR40pS6baCM8sbtYDSwEVQd4JlFTOlaD3gWGHfThTcABnNDBda6eTZeqbofalIJhFx0qKzgHJmcPTnGdw==}
    engines: {node: '>= 12.0.0'}
    cpu: [arm64]
    os: [win32]

  lightningcss-win32-x64-msvc@1.32.0:
    resolution: {integrity: sha512-Amq9B/SoZYdDi1kFrojnoqPLxYhQ4Wo5XiL8EVJrVsB8ARoC1PWW6VGtT0WKCemjy8aC+louJnjS7U18x3b06Q==}
    engines: {node: '>= 12.0.0'}
    cpu: [x64]
    os: [win32]

  lightningcss@1.32.0:
    resolution: {integrity: sha512-NXYBzinNrblfraPGyrbPoD19C1h9lfI/1mzgWYvXUTe414Gz/X1FD2XBZSZM7rRTrMA8JL3OtAaGifrIKhQ5yQ==}
    engines: {node: '>= 12.0.0'}

  lru-cache@11.5.2:
    resolution: {integrity: sha512-4pfM1Ff0x50o0tQwb5ucw/RzNyD0/YJME6IVcStalZuMWxdt3sR3huStTtxz4PUmvZfRguvDejasvQ2kifR11g==}
    engines: {node: 20 || >=22}

  magic-string@0.30.21:
    resolution: {integrity: sha512-vd2F4YUyEXKGcLHoq+TEyCjxueSeHnFxyyjNp80yg0XV4vUhnDer/lvvlqM/arB5bXQN5K2/3oinyCRyx8T2CQ==}

  minimatch@10.2.5:
    resolution: {integrity: sha512-MULkVLfKGYDFYejP07QOurDLLQpcjk7Fw+7jXS2R2czRQzR56yHRveU5NDJEOviH+hETZKSkIk5c+T23GjFUMg==}
    engines: {node: 18 || 20 || >=22}

  minipass@7.1.3:
    resolution: {integrity: sha512-tEBHqDnIoM/1rXME1zgka9g6Q2lcoCkxHLuc7ODJ5BxbP5d4c2Z5cGgtXAku59200Cx7diuHTOYfSBD8n6mm8A==}
    engines: {node: '>=16 || 14 >=14.17'}

  ms@2.1.3:
    resolution: {integrity: sha512-6FlzubTLZG3J2a/NVCAleEhjzq5oxgHyaCU9yYXvcLsvoVaHJq/s5xXI6/XXP6tz7R9xAOtHnSO/tXtF3WRTlA==}

  nanoid@3.3.16:
    resolution: {integrity: sha512-bzlKTyNJ7+LdGIIwy8ijFpIqEQIvafahV7eYykJ8Cvh42EdJeODoJ6gUJXpQJvej1BddH8OqTXZNE/KfbWAu8Q==}
    engines: {node: ^10 || ^12 || ^13.7 || ^14 || >=15.0.1}
    hasBin: true

  obug@2.1.4:
    resolution: {integrity: sha512-4a+OsYv9UktOJKE+l1A4OufDgdRF9PifWj+tJnHURo/P+WOxpG4GzUFL9qCalmWauao6ogiG+QvnCovwPoyAWA==}
    engines: {node: '>=12.20.0'}

  path-key@3.1.1:
    resolution: {integrity: sha512-ojmeN0qd+y0jszEtoY48r0Peq5dwMEkIlCOu6Q5f41lfkswXuKtYrhgoTpLnyIcHm24Uhqx+5Tqm2InSwLhE6Q==}
    engines: {node: '>=8'}

  path-scurry@2.0.2:
    resolution: {integrity: sha512-3O/iVVsJAPsOnpwWIeD+d6z/7PmqApyQePUtCndjatj/9I5LylHvt5qluFaBT3I5h3r1ejfR056c+FCv+NnNXg==}
    engines: {node: 18 || 20 || >=22}

  pathe@2.0.3:
    resolution: {integrity: sha512-WUjGcAqP1gQacoQe+OBJsFA7Ld4DyXuUIjZ5cc75cLHvJ7dtNsTugphxIADwspS+AraAUePCKrSVtPLFj/F88w==}

  pe-library@1.0.1:
    resolution: {integrity: sha512-nh39Mo1eGWmZS7y+mK/dQIqg7S1lp38DpRxkyoHf0ZcUs/HDc+yyTjuOtTvSMZHmfSLuSQaX945u05Y2Q6UWZg==}
    engines: {node: '>=14', npm: '>=7'}

  picocolors@1.1.1:
    resolution: {integrity: sha512-xceH2snhtb5M9liqDsmEw56le376mTZkEX/jEb/RxNFyegNul7eNslCXP9FDj/Lcu0X8KEyMceP2ntpaHrDEVA==}

  picomatch@4.0.5:
    resolution: {integrity: sha512-RvwwcruNjI1ncT5xRakeyS9Lf8lcItv34KD+aif+VH9kduAyfYBipGh12274xtenIPZ119/R9BdTBa8gAwSh0A==}
    engines: {node: '>=12'}

  plist@3.1.1:
    resolution: {integrity: sha512-ZIfcLJC+7E7FBFnDxm9MPmt7D+DidyQ26lewieO75AdhA2ayMtsJSES0iWzqJQbcVRSrTufQoy0DR94xHue0oA==}
    engines: {node: '>=10.4.0'}

  postcss@8.5.19:
    resolution: {integrity: sha512-Mz8SaolMd8nB+G13WkORcxQKHZ/NE4xXevtkJHVuG+guo9/wYKlIMTKAqGdEmYOXR2ijPjTYNHssizdaVSUNdQ==}
    engines: {node: ^10 || ^12 || >=14}

  postject@1.0.0-alpha.6:
    resolution: {integrity: sha512-b9Eb8h2eVqNE8edvKdwqkrY6O7kAwmI8kcnBv1NScolYJbo59XUF0noFq+lxbC1yN20bmC0WBEbDC5H/7ASb0A==}
    engines: {node: '>=14.0.0'}
    hasBin: true

  progress@2.0.3:
    resolution: {integrity: sha512-7PiHtLll5LdnKIMw100I+8xJXR5gW2QwWYkT6iJva0bXitZKa/XMrSbdmg3r2Xnaidz9Qumd0VPaMrZlF9V9sA==}
    engines: {node: '>=0.4.0'}

  promise-retry@2.0.1:
    resolution: {integrity: sha512-y+WKFlBR8BGXnsNlIHFGPZmyDf3DFMoLhaflAnyZgV6rG6xu+JwesTo2Q9R6XwYmtmwAFCkAk3e35jEdoeh/3g==}
    engines: {node: '>=10'}

  resedit@2.0.3:
    resolution: {integrity: sha512-oTeemxwoMuxxTYxXUwjkrOPfngTQehlv0/HoYFNkB4uzsP1Un1A9nI8JQKGOFkxpqkC7qkMs0lUsGrvUlbLNUA==}
    engines: {node: '>=14', npm: '>=7'}

  retry@0.12.0:
    resolution: {integrity: sha512-9LkiTwjUh6rT555DtE9rTX+BKByPfrMzEAtnlEtdEwr3Nkffwiihqe2bWADg+OQRjt9gl6ICdmB/ZFDCGAtSow==}
    engines: {node: '>= 4'}

  rolldown@1.1.5:
    resolution: {integrity: sha512-t9z29cJjXf/vxQ8dyhCSpt6H6aSwHTk8cT5I3iy6SMXuFpk5mB6PL6XfC8PCwrPTx93udwKUm9HRteAlTGBLiA==}
    engines: {node: ^20.19.0 || >=22.12.0}
    hasBin: true

  semver@7.8.5:
    resolution: {integrity: sha512-Y7/KDsb8LjooZpwaqGyulO6DQlksgCncchHGk+sZIY4SBvUocMBEFH5Ur1fI4dV+Jvl0w6cjvucaIi40puRioA==}
    engines: {node: '>=10'}
    hasBin: true

  shebang-command@2.0.0:
    resolution: {integrity: sha512-kHxr2zZpYtdmrN1qDjrrX/Z1rR1kG8Dx+gkpK1G4eXmvXswmcE1hTWBWYUzlraYw1/yZp6YuDY77YtvbN0dmDA==}
    engines: {node: '>=8'}

  shebang-regex@3.0.0:
    resolution: {integrity: sha512-7++dFhtcx3353uBaq8DDR4NuxBetBzC7ZQOhmTQInHEd6bSrXdiEyzCvG07Z44UYdLShWUyXt5M/yhz8ekcb1A==}
    engines: {node: '>=8'}

  siginfo@2.0.0:
    resolution: {integrity: sha512-ybx0WO1/8bSBLEWXZvEd7gMW3Sn3JFlW3TvX1nREbDLRNQNaeNN8WK0meBwPdAaOI7TtRRRJn/Es1zhrrCHu7g==}

  source-map-js@1.2.1:
    resolution: {integrity: sha512-UXWMKhLOwVKb728IUtQPXxfYU+usdybtUrK/8uGE8CQMvrhOpwvzDBwj0QhSL7MQc7vIsISBG8VQ8+IDQxpfQA==}
    engines: {node: '>=0.10.0'}

  stackback@0.0.2:
    resolution: {integrity: sha512-1XMJE5fQo1jGH6Y/7ebnwPOBEkIEnT4QF32d5R1+VXdXveM0IBMJt8zfaxX1P3QhVwrYe+576+jkANtSS2mBbw==}

  std-env@4.2.0:
    resolution: {integrity: sha512-oCUKSupKTHX53EyjDtuZQ64pjLJ6yYCtpmEw0goYxtjG9KpbRe8KAsl2tBUGU9DyMcJ0RwJ8GqJAFzMXcXW1Rw==}

  sumchecker@3.0.1:
    resolution: {integrity: sha512-MvjXzkz/BOfyVDkG0oFOtBxHX2u3gKbMHIF/dXblZsgD3BWOFLmHovIpZY7BykJdAjcqRCBi1WYBNdEC9yI7vg==}
    engines: {node: '>= 8.0'}

  tinybench@2.9.0:
    resolution: {integrity: sha512-0+DUvqWMValLmha6lr4kD8iAMK1HzV0/aKnCtWb9v9641TnP/MFb7Pc2bxoxQjTXAErryXVgUOfv2YqNllqGeg==}

  tinyexec@1.2.4:
    resolution: {integrity: sha512-SHf/r48b7vOrjve9PxJo3MN5v5yuyjHvdUcrQffT3WXMUfnGmHDVbC4k3sHJaJTgZCwpUplIaAo5ANtMyp3YHg==}
    engines: {node: '>=18'}

  tinyglobby@0.2.17:
    resolution: {integrity: sha512-wXR/dYpcqKmfWpEdZjiKJOwCNFndD0DMnrW/cYjVGttEkBfVgcLFHoNrlj47mjOVic9yyNu65alsgF4NQyTa2g==}
    engines: {node: '>=12.0.0'}

  tinyrainbow@3.1.0:
    resolution: {integrity: sha512-Bf+ILmBgretUrdJxzXM0SgXLZ3XfiaUuOj/IKQHuTXip+05Xn+uyEYdVg0kYDipTBcLrCVyUzAPz7QmArb0mmw==}
    engines: {node: '>=14.0.0'}

  tslib@2.8.1:
    resolution: {integrity: sha512-oJFu94HQb+KVduSUQL7wnpmqnfmLsOA/nAh6b6EH0wCEoK0/mPeXU6c3wKDV83MkOuHPRHtSXKKU99IBazS/2w==}

  typescript@4.9.5:
    resolution: {integrity: sha512-1FXk9E2Hm+QzZQ7z+McJiHL4NW1F2EzMu9Nq9i3zAaGqibafqYwCVU6WyWAuyQRRzOlxou8xZSyXLEN8oKj24g==}
    engines: {node: '>=4.2.0'}
    hasBin: true

  typescript@6.0.3:
    resolution: {integrity: sha512-y2TvuxSZPDyQakkFRPZHKFm+KKVqIisdg9/CZwm9ftvKXLP8NRWj38/ODjNbr43SsoXqNuAisEf1GdCxqWcdBw==}
    engines: {node: '>=14.17'}
    hasBin: true

  undici-types@7.18.2:
    resolution: {integrity: sha512-AsuCzffGHJybSaRrmr5eHr81mwJU3kjw6M+uprWvCXiNeN9SOGwQ3Jn8jb8m3Z6izVgknn1R0FTCEAP2QrLY/w==}

  undici@7.28.0:
    resolution: {integrity: sha512-cRZYrTDwWznlnRiPjggAGxZXanty6M8RV1ff8Wm4LWXBp7/IG8v5DnOm74DtUBp9OONpK75YlPnIjQqX0dBDtA==}
    engines: {node: '>=20.18.1'}

  vite@8.1.5:
    resolution: {integrity: sha512-7ULLwsCdYx/nRyrpiEwvqb5TFHrMVZyBt+rg/OAXT7rgj/z+DtTDyKFeLAdDkubDVDKD8jOsndmy7m55XcfUsw==}
    engines: {node: ^20.19.0 || >=22.12.0}
    hasBin: true
    peerDependencies:
      '@types/node': ^20.19.0 || >=22.12.0
      '@vitejs/devtools': ^0.3.0
      esbuild: ^0.27.0 || ^0.28.0
      jiti: '>=1.21.0'
      less: ^4.0.0
      sass: ^1.70.0
      sass-embedded: ^1.70.0
      stylus: '>=0.54.8'
      sugarss: ^5.0.0
      terser: ^5.16.0
      tsx: ^4.8.1
      yaml: ^2.4.2
    peerDependenciesMeta:
      '@types/node':
        optional: true
      '@vitejs/devtools':
        optional: true
      esbuild:
        optional: true
      jiti:
        optional: true
      less:
        optional: true
      sass:
        optional: true
      sass-embedded:
        optional: true
      stylus:
        optional: true
      sugarss:
        optional: true
      terser:
        optional: true
      tsx:
        optional: true
      yaml:
        optional: true

  vitest@4.1.9:
    resolution: {integrity: sha512-nE3/LEyc0z87uHYLZebqCUOaJr2hdtuPp7BQ4BosVFnfltxgAvMG08NyrSGlPpOUWvR27c5flSmYFTNr78L9GQ==}
    engines: {node: ^20.0.0 || ^22.0.0 || >=24.0.0}
    hasBin: true
    peerDependencies:
      '@edge-runtime/vm': '*'
      '@opentelemetry/api': ^1.9.0
      '@types/node': ^20.0.0 || ^22.0.0 || >=24.0.0
      '@vitest/browser-playwright': 4.1.9
      '@vitest/browser-preview': 4.1.9
      '@vitest/browser-webdriverio': 4.1.9
      '@vitest/coverage-istanbul': 4.1.9
      '@vitest/coverage-v8': 4.1.9
      '@vitest/ui': 4.1.9
      happy-dom: '*'
      jsdom: '*'
      vite: ^6.0.0 || ^7.0.0 || ^8.0.0
    peerDependenciesMeta:
      '@edge-runtime/vm':
        optional: true
      '@opentelemetry/api':
        optional: true
      '@types/node':
        optional: true
      '@vitest/browser-playwright':
        optional: true
      '@vitest/browser-preview':
        optional: true
      '@vitest/browser-webdriverio':
        optional: true
      '@vitest/coverage-istanbul':
        optional: true
      '@vitest/coverage-v8':
        optional: true
      '@vitest/ui':
        optional: true
      happy-dom:
        optional: true
      jsdom:
        optional: true

  which@2.0.2:
    resolution: {integrity: sha512-BLI3Tl1TW3Pvl70l3yq3Y64i+awpwXqsGBYWkkqMtnbXgrMD+yj7rhW0kuEDxzJaYXGjEW5ogapKNMEKNMjibA==}
    engines: {node: '>= 8'}
    hasBin: true

  why-is-node-running@2.3.0:
    resolution: {integrity: sha512-hUrmaWBdVDcxvYqnyh09zunKzROWjbZTiNy8dBEjkS7ehEDQibXJ7XvlmtbwuTclUiIyN+CyXQD4Vmko8fNm8w==}
    engines: {node: '>=8'}
    hasBin: true

  ws@8.21.0:
    resolution: {integrity: sha512-Vsp28b7DRcimFQvrqu2Wek3z1iYxDCWqHYB8Qsnk/S4RfaCQzPGPyBNuVjJV3cd6UiKtUtp6sNM77gWvzcCH+g==}
    engines: {node: '>=10.0.0'}
    peerDependencies:
      bufferutil: ^4.0.1
      utf-8-validate: '>=5.0.2'
    peerDependenciesMeta:
      bufferutil:
        optional: true
      utf-8-validate:
        optional: true

  xmlbuilder@15.1.1:
    resolution: {integrity: sha512-yMqGBqtXyeN1e3TGYvgNgDVZ3j84W4cwkOXQswghol6APgZWaff9lnbvN7MHYJOiXsvGPXtjTYJEiC9J2wv9Eg==}
    engines: {node: '>=8.0'}

  yargs-parser@22.0.0:
    resolution: {integrity: sha512-rwu/ClNdSMpkSrUb+d6BRsSkLUq1fmfsY6TOpYzTwvwkg1/NRG85KBy3kq++A8LKQwX6lsu+aWad+2khvuXrqw==}
    engines: {node: ^20.19.0 || ^22.12.0 || >=23}

  yerpc@0.6.4:
    resolution: {integrity: sha512-f/yBGREg5sR9aa6QG0thon6uL8jKJhQuRO/SwGsnOIIe45wFQrMYBV+A5cCNEgqzSHsz+Jl2F7sEO6h7CJfr5w==}

snapshots:

  '@deltachat/jsonrpc-client@2.53.0(ws@8.21.0)':
    dependencies:
      '@deltachat/tiny-emitter': 3.0.0
      isomorphic-ws: 5.0.0(ws@8.21.0)
      yerpc: 0.6.4
    transitivePeerDependencies:
      - bufferutil
      - utf-8-validate
      - ws

  '@deltachat/stdio-rpc-server-android-arm64@2.53.0':
    optional: true

  '@deltachat/stdio-rpc-server-android-arm@2.53.0':
    optional: true

  '@deltachat/stdio-rpc-server-darwin-arm64@2.53.0':
    optional: true

  '@deltachat/stdio-rpc-server-darwin-x64@2.53.0':
    optional: true

  '@deltachat/stdio-rpc-server-linux-arm64@2.53.0':
    optional: true

  '@deltachat/stdio-rpc-server-linux-arm@2.53.0':
    optional: true

  '@deltachat/stdio-rpc-server-linux-ia32@2.53.0':
    optional: true

  '@deltachat/stdio-rpc-server-linux-x64@2.53.0':
    optional: true

  '@deltachat/stdio-rpc-server-win32-ia32@2.53.0':
    optional: true

  '@deltachat/stdio-rpc-server-win32-x64@2.53.0':
    optional: true

  '@deltachat/stdio-rpc-server@2.53.0(@deltachat/jsonrpc-client@2.53.0(ws@8.21.0))':
    dependencies:
      '@deltachat/jsonrpc-client': 2.53.0(ws@8.21.0)
    optionalDependencies:
      '@deltachat/stdio-rpc-server-android-arm': 2.53.0
      '@deltachat/stdio-rpc-server-android-arm64': 2.53.0
      '@deltachat/stdio-rpc-server-darwin-arm64': 2.53.0
      '@deltachat/stdio-rpc-server-darwin-x64': 2.53.0
      '@deltachat/stdio-rpc-server-linux-arm': 2.53.0
      '@deltachat/stdio-rpc-server-linux-arm64': 2.53.0
      '@deltachat/stdio-rpc-server-linux-ia32': 2.53.0
      '@deltachat/stdio-rpc-server-linux-x64': 2.53.0
      '@deltachat/stdio-rpc-server-win32-ia32': 2.53.0
      '@deltachat/stdio-rpc-server-win32-x64': 2.53.0

  '@deltachat/tiny-emitter@3.0.0': {}

  '@electron-internal/extract-zip@1.0.4': {}

  '@electron/asar@4.2.0':
    dependencies:
      commander: 13.1.0
      glob: 13.0.6
      minimatch: 10.2.5

  '@electron/get@5.0.0':
    dependencies:
      debug: 4.4.3
      env-paths: 3.0.0
      graceful-fs: 4.2.11
      progress: 2.0.3
      semver: 7.8.5
      sumchecker: 3.0.1
    optionalDependencies:
      undici: 7.28.0
    transitivePeerDependencies:
      - supports-color

  '@electron/notarize@3.1.1':
    dependencies:
      debug: 4.4.3
      promise-retry: 2.0.1
    transitivePeerDependencies:
      - supports-color

  '@electron/osx-sign@2.5.0':
    dependencies:
      debug: 4.4.3
      isbinaryfile: 4.0.10
      plist: 3.1.1
      semver: 7.8.5
    transitivePeerDependencies:
      - supports-color

  '@electron/packager@20.0.3':
    dependencies:
      '@electron-internal/extract-zip': 1.0.4
      '@electron/asar': 4.2.0
      '@electron/get': 5.0.0
      '@electron/notarize': 3.1.1
      '@electron/osx-sign': 2.5.0
      '@electron/universal': 3.0.6
      '@electron/windows-sign': 2.0.6
      '@malept/cross-spawn-promise': 2.0.0
      debug: 4.4.3
      filenamify: 6.0.0
      galactus: 2.0.2
      graceful-fs: 4.2.11
      junk: 4.0.1
      plist: 3.1.1
      resedit: 2.0.3
      semver: 7.8.5
      yargs-parser: 22.0.0
    transitivePeerDependencies:
      - supports-color

  '@electron/universal@3.0.6':
    dependencies:
      '@electron/asar': 4.2.0
      debug: 4.4.3
      plist: 3.1.1
    transitivePeerDependencies:
      - supports-color

  '@electron/windows-sign@2.0.6':
    dependencies:
      debug: 4.4.3
      graceful-fs: 4.2.11
      postject: 1.0.0-alpha.6
    transitivePeerDependencies:
      - supports-color

  '@emnapi/core@1.11.1':
    dependencies:
      '@emnapi/wasi-threads': 1.2.2
      tslib: 2.8.1
    optional: true

  '@emnapi/runtime@1.11.1':
    dependencies:
      tslib: 2.8.1
    optional: true

  '@emnapi/wasi-threads@1.2.2':
    dependencies:
      tslib: 2.8.1
    optional: true

  '@hono/node-server@2.0.8(hono@4.12.27)':
    dependencies:
      hono: 4.12.27

  '@jridgewell/sourcemap-codec@1.5.5': {}

  '@malept/cross-spawn-promise@2.0.0':
    dependencies:
      cross-spawn: 7.0.6

  '@napi-rs/wasm-runtime@1.1.6(@emnapi/core@1.11.1)(@emnapi/runtime@1.11.1)':
    dependencies:
      '@emnapi/core': 1.11.1
      '@emnapi/runtime': 1.11.1
      '@tybys/wasm-util': 0.10.3
    optional: true

  '@oxc-project/types@0.139.0': {}

  '@rolldown/binding-android-arm64@1.1.5':
    optional: true

  '@rolldown/binding-darwin-arm64@1.1.5':
    optional: true

  '@rolldown/binding-darwin-x64@1.1.5':
    optional: true

  '@rolldown/binding-freebsd-x64@1.1.5':
    optional: true

  '@rolldown/binding-linux-arm-gnueabihf@1.1.5':
    optional: true

  '@rolldown/binding-linux-arm64-gnu@1.1.5':
    optional: true

  '@rolldown/binding-linux-arm64-musl@1.1.5':
    optional: true

  '@rolldown/binding-linux-ppc64-gnu@1.1.5':
    optional: true

  '@rolldown/binding-linux-s390x-gnu@1.1.5':
    optional: true

  '@rolldown/binding-linux-x64-gnu@1.1.5':
    optional: true

  '@rolldown/binding-linux-x64-musl@1.1.5':
    optional: true

  '@rolldown/binding-openharmony-arm64@1.1.5':
    optional: true

  '@rolldown/binding-wasm32-wasi@1.1.5':
    dependencies:
      '@emnapi/core': 1.11.1
      '@emnapi/runtime': 1.11.1
      '@napi-rs/wasm-runtime': 1.1.6(@emnapi/core@1.11.1)(@emnapi/runtime@1.11.1)
    optional: true

  '@rolldown/binding-win32-arm64-msvc@1.1.5':
    optional: true

  '@rolldown/binding-win32-x64-msvc@1.1.5':
    optional: true

  '@rolldown/pluginutils@1.0.1': {}

  '@standard-schema/spec@1.1.0': {}

  '@tybys/wasm-util@0.10.3':
    dependencies:
      tslib: 2.8.1
    optional: true

  '@types/chai@5.2.3':
    dependencies:
      '@types/deep-eql': 4.0.2
      assertion-error: 2.0.1

  '@types/deep-eql@4.0.2': {}

  '@types/estree@1.0.9': {}

  '@types/node@24.13.3':
    dependencies:
      undici-types: 7.18.2

  '@types/ws@8.18.1':
    dependencies:
      '@types/node': 24.13.3

  '@vitest/expect@4.1.9':
    dependencies:
      '@standard-schema/spec': 1.1.0
      '@types/chai': 5.2.3
      '@vitest/spy': 4.1.9
      '@vitest/utils': 4.1.9
      chai: 6.2.2
      tinyrainbow: 3.1.0

  '@vitest/mocker@4.1.9(vite@8.1.5(@types/node@24.13.3))':
    dependencies:
      '@vitest/spy': 4.1.9
      estree-walker: 3.0.3
      magic-string: 0.30.21
    optionalDependencies:
      vite: 8.1.5(@types/node@24.13.3)

  '@vitest/pretty-format@4.1.9':
    dependencies:
      tinyrainbow: 3.1.0

  '@vitest/runner@4.1.9':
    dependencies:
      '@vitest/utils': 4.1.9
      pathe: 2.0.3

  '@vitest/snapshot@4.1.9':
    dependencies:
      '@vitest/pretty-format': 4.1.9
      '@vitest/utils': 4.1.9
      magic-string: 0.30.21
      pathe: 2.0.3

  '@vitest/spy@4.1.9': {}

  '@vitest/utils@4.1.9':
    dependencies:
      '@vitest/pretty-format': 4.1.9
      convert-source-map: 2.0.0
      tinyrainbow: 3.1.0

  '@xmldom/xmldom@0.9.10': {}

  assertion-error@2.0.1: {}

  balanced-match@4.0.4: {}

  base64-js@1.5.1: {}

  brace-expansion@5.0.7:
    dependencies:
      balanced-match: 4.0.4

  chai@6.2.2: {}

  commander@13.1.0: {}

  commander@9.5.0: {}

  convert-source-map@2.0.0: {}

  cross-spawn@7.0.6:
    dependencies:
      path-key: 3.1.1
      shebang-command: 2.0.0
      which: 2.0.2

  debug@4.4.3:
    dependencies:
      ms: 2.1.3

  detect-libc@2.1.2: {}

  electron@43.1.1:
    dependencies:
      '@electron-internal/extract-zip': 1.0.4
      '@electron/get': 5.0.0
      '@types/node': 24.13.3
    transitivePeerDependencies:
      - supports-color

  env-paths@3.0.0: {}

  err-code@2.0.3: {}

  es-module-lexer@2.3.1: {}

  estree-walker@3.0.3:
    dependencies:
      '@types/estree': 1.0.9

  expect-type@1.4.0: {}

  fdir@6.5.0(picomatch@4.0.5):
    optionalDependencies:
      picomatch: 4.0.5

  filename-reserved-regex@3.0.0: {}

  filenamify@6.0.0:
    dependencies:
      filename-reserved-regex: 3.0.0

  flora-colossus@3.0.2:
    dependencies:
      debug: 4.4.3
    transitivePeerDependencies:
      - supports-color

  fsevents@2.3.3:
    optional: true

  galactus@2.0.2:
    dependencies:
      debug: 4.4.3
      flora-colossus: 3.0.2
    transitivePeerDependencies:
      - supports-color

  glob@13.0.6:
    dependencies:
      minimatch: 10.2.5
      minipass: 7.1.3
      path-scurry: 2.0.2

  graceful-fs@4.2.11: {}

  hono@4.12.27: {}

  isbinaryfile@4.0.10: {}

  isexe@2.0.0: {}

  isomorphic-ws@4.0.1(ws@8.21.0):
    dependencies:
      ws: 8.21.0

  isomorphic-ws@5.0.0(ws@8.21.0):
    dependencies:
      ws: 8.21.0

  junk@4.0.1: {}

  lightningcss-android-arm64@1.32.0:
    optional: true

  lightningcss-darwin-arm64@1.32.0:
    optional: true

  lightningcss-darwin-x64@1.32.0:
    optional: true

  lightningcss-freebsd-x64@1.32.0:
    optional: true

  lightningcss-linux-arm-gnueabihf@1.32.0:
    optional: true

  lightningcss-linux-arm64-gnu@1.32.0:
    optional: true

  lightningcss-linux-arm64-musl@1.32.0:
    optional: true

  lightningcss-linux-x64-gnu@1.32.0:
    optional: true

  lightningcss-linux-x64-musl@1.32.0:
    optional: true

  lightningcss-win32-arm64-msvc@1.32.0:
    optional: true

  lightningcss-win32-x64-msvc@1.32.0:
    optional: true

  lightningcss@1.32.0:
    dependencies:
      detect-libc: 2.1.2
    optionalDependencies:
      lightningcss-android-arm64: 1.32.0
      lightningcss-darwin-arm64: 1.32.0
      lightningcss-darwin-x64: 1.32.0
      lightningcss-freebsd-x64: 1.32.0
      lightningcss-linux-arm-gnueabihf: 1.32.0
      lightningcss-linux-arm64-gnu: 1.32.0
      lightningcss-linux-arm64-musl: 1.32.0
      lightningcss-linux-x64-gnu: 1.32.0
      lightningcss-linux-x64-musl: 1.32.0
      lightningcss-win32-arm64-msvc: 1.32.0
      lightningcss-win32-x64-msvc: 1.32.0

  lru-cache@11.5.2: {}

  magic-string@0.30.21:
    dependencies:
      '@jridgewell/sourcemap-codec': 1.5.5

  minimatch@10.2.5:
    dependencies:
      brace-expansion: 5.0.7

  minipass@7.1.3: {}

  ms@2.1.3: {}

  nanoid@3.3.16: {}

  obug@2.1.4: {}

  path-key@3.1.1: {}

  path-scurry@2.0.2:
    dependencies:
      lru-cache: 11.5.2
      minipass: 7.1.3

  pathe@2.0.3: {}

  pe-library@1.0.1: {}

  picocolors@1.1.1: {}

  picomatch@4.0.5: {}

  plist@3.1.1:
    dependencies:
      '@xmldom/xmldom': 0.9.10
      base64-js: 1.5.1
      xmlbuilder: 15.1.1

  postcss@8.5.19:
    dependencies:
      nanoid: 3.3.16
      picocolors: 1.1.1
      source-map-js: 1.2.1

  postject@1.0.0-alpha.6:
    dependencies:
      commander: 9.5.0

  progress@2.0.3: {}

  promise-retry@2.0.1:
    dependencies:
      err-code: 2.0.3
      retry: 0.12.0

  resedit@2.0.3:
    dependencies:
      pe-library: 1.0.1

  retry@0.12.0: {}

  rolldown@1.1.5:
    dependencies:
      '@oxc-project/types': 0.139.0
      '@rolldown/pluginutils': 1.0.1
    optionalDependencies:
      '@rolldown/binding-android-arm64': 1.1.5
      '@rolldown/binding-darwin-arm64': 1.1.5
      '@rolldown/binding-darwin-x64': 1.1.5
      '@rolldown/binding-freebsd-x64': 1.1.5
      '@rolldown/binding-linux-arm-gnueabihf': 1.1.5
      '@rolldown/binding-linux-arm64-gnu': 1.1.5
      '@rolldown/binding-linux-arm64-musl': 1.1.5
      '@rolldown/binding-linux-ppc64-gnu': 1.1.5
      '@rolldown/binding-linux-s390x-gnu': 1.1.5
      '@rolldown/binding-linux-x64-gnu': 1.1.5
      '@rolldown/binding-linux-x64-musl': 1.1.5
      '@rolldown/binding-openharmony-arm64': 1.1.5
      '@rolldown/binding-wasm32-wasi': 1.1.5
      '@rolldown/binding-win32-arm64-msvc': 1.1.5
      '@rolldown/binding-win32-x64-msvc': 1.1.5

  semver@7.8.5: {}

  shebang-command@2.0.0:
    dependencies:
      shebang-regex: 3.0.0

  shebang-regex@3.0.0: {}

  siginfo@2.0.0: {}

  source-map-js@1.2.1: {}

  stackback@0.0.2: {}

  std-env@4.2.0: {}

  sumchecker@3.0.1:
    dependencies:
      debug: 4.4.3
    transitivePeerDependencies:
      - supports-color

  tinybench@2.9.0: {}

  tinyexec@1.2.4: {}

  tinyglobby@0.2.17:
    dependencies:
      fdir: 6.5.0(picomatch@4.0.5)
      picomatch: 4.0.5

  tinyrainbow@3.1.0: {}

  tslib@2.8.1:
    optional: true

  typescript@4.9.5: {}

  typescript@6.0.3: {}

  undici-types@7.18.2: {}

  undici@7.28.0:
    optional: true

  vite@8.1.5(@types/node@24.13.3):
    dependencies:
      lightningcss: 1.32.0
      picomatch: 4.0.5
      postcss: 8.5.19
      rolldown: 1.1.5
      tinyglobby: 0.2.17
    optionalDependencies:
      '@types/node': 24.13.3
      fsevents: 2.3.3

  vitest@4.1.9(@types/node@24.13.3)(vite@8.1.5(@types/node@24.13.3)):
    dependencies:
      '@vitest/expect': 4.1.9
      '@vitest/mocker': 4.1.9(vite@8.1.5(@types/node@24.13.3))
      '@vitest/pretty-format': 4.1.9
      '@vitest/runner': 4.1.9
      '@vitest/snapshot': 4.1.9
      '@vitest/spy': 4.1.9
      '@vitest/utils': 4.1.9
      es-module-lexer: 2.3.1
      expect-type: 1.4.0
      magic-string: 0.30.21
      obug: 2.1.4
      pathe: 2.0.3
      picomatch: 4.0.5
      std-env: 4.2.0
      tinybench: 2.9.0
      tinyexec: 1.2.4
      tinyglobby: 0.2.17
      tinyrainbow: 3.1.0
      vite: 8.1.5(@types/node@24.13.3)
      why-is-node-running: 2.3.0
    optionalDependencies:
      '@types/node': 24.13.3
    transitivePeerDependencies:
      - msw

  which@2.0.2:
    dependencies:
      isexe: 2.0.0

  why-is-node-running@2.3.0:
    dependencies:
      siginfo: 2.0.0
      stackback: 0.0.2

  ws@8.21.0: {}

  xmlbuilder@15.1.1: {}

  yargs-parser@22.0.0: {}

  yerpc@0.6.4:
    dependencies:
      '@types/ws': 8.18.1
      isomorphic-ws: 4.0.1(ws@8.21.0)
      typescript: 4.9.5
    optionalDependencies:
      ws: 8.21.0
    transitivePeerDependencies:
      - bufferutil
      - utf-8-validate
